
Microsoft Visual Studio Solution File, Format Version 12.00
# Visual Studio 2013
VisualStudioVersion = 12.0.40629.0
MinimumVisualStudioVersion = 10.0.40219.1
Project("{FAE04EC0-301F-11D3-BF4B-00C04F79EFBC}") = "StripeAsyncTest", "StripeAsyncTest\StripeAsyncTest.csproj", "{F4E66753-6326-4651-9875-AC8824009558}"
EndProject
Project("{FAE04EC0-301F-11D3-BF4B-00C04F79EFBC}") = "StripeAsync", "StripeAsync\StripeAsync.csproj", "{95360B87-B4E8-4682-B3C8-F213682C0F28}"
EndProject
Project("{FAE04EC0-301F-11D3-BF4B-00C04F79EFBC}") = "Brass9", "Brass9\Brass9.csproj", "{D8A99B75-C9FE-4556-8522-801BC66FDD45}"
EndProject
Global
	GlobalSection(SolutionConfigurationPlatforms) = preSolution
		Debug|Any CPU = Debug|Any CPU
		Release|Any CPU = Release|Any CPU
	EndGlobalSection
	GlobalSection(ProjectConfigurationPlatforms) = postSolution
		{F4E66753-6326-4651-9875-AC8824009558}.Debug|Any CPU.ActiveCfg = Debug|Any CPU
		{F4E66753-6326-4651-9875-AC8824009558}.Debug|Any CPU.Build.0 = Debug|Any CPU
		{F4E66753-6326-4651-9875-AC8824009558}.Release|Any CPU.ActiveCfg = Release|Any CPU
		{F4E66753-6326-4651-9875-AC8824009558}.Release|Any CPU.Build.0 = Release|Any CPU
		{95360B87-B4E8-4682-B3C8-F213682C0F28}.Debug|Any CPU.ActiveCfg = Debug|Any CPU
		{95360B87-B4E8-4682-B3C8-F213682C0F28}.Debug|Any CPU.Build.0 = Debug|Any CPU
		{95360B87-B4E8-4682-B3C8-F213682C0F28}.Release|Any CPU.ActiveCfg = Release|Any CPU
		{95360B87-B4E8-4682-B3C8-F213682C0F28}.Release|Any CPU.Build.0 = Release|Any CPU
		{D8A99B75-C9FE-4556-8522-801BC66FDD45}.Debug|Any CPU.ActiveCfg = Debug|Any CPU
		{D8A99B75-C9FE-4556-8522-801BC66FDD45}.Debug|Any CPU.Build.0 = Debug|Any CPU
		{D8A99B75-C9FE-4556-8522-801BC66FDD45}.Release|Any CPU.ActiveCfg = Release|Any CPU
		{D8A99B75-C9FE-4556-8522-801BC66FDD45}.Release|Any CPU.Build.0 = Release|Any CPU
	EndGlobalSection
	GlobalSection(SolutionProperties) = preSolution
		HideSolutionNode = FALSE
	EndGlobalSection
EndGlobal
